
Microsoft Visual Studio Solution File, Format Version 12.00
# Visual Studio Version 17
VisualStudioVersion = 17.0.31912.275
MinimumVisualStudioVersion = 10.0.40219.1
Project("{FAE04EC0-301F-11D3-BF4B-00C04F79EFBC}") = "Martini", "Martini\Martini.csproj", "{081A872A-B386-448F-9E63-51ECB4976393}"
EndProject
Project("{FAE04EC0-301F-11D3-BF4B-00C04F79EFBC}") = "MartiniTests", "MartiniTests\MartiniTests.csproj", "{9F7DDF79-9306-4020-88A2-6A8F86D84048}"
EndProject
Global
	GlobalSection(SolutionConfigurationPlatforms) = preSolution
		Debug|Any CPU = Debug|Any CPU
		Release|Any CPU = Release|Any CPU
	EndGlobalSection
	GlobalSection(ProjectConfigurationPlatforms) = postSolution
		{081A872A-B386-448F-9E63-51ECB4976393}.Debug|Any CPU.ActiveCfg = Debug|Any CPU
		{081A872A-B386-448F-9E63-51ECB4976393}.Debug|Any CPU.Build.0 = Debug|Any CPU
		{081A872A-B386-448F-9E63-51ECB4976393}.Release|Any CPU.ActiveCfg = Release|Any CPU
		{081A872A-B386-448F-9E63-51ECB4976393}.Release|Any CPU.Build.0 = Release|Any CPU
		{9F7DDF79-9306-4020-88A2-6A8F86D84048}.Debug|Any CPU.ActiveCfg = Debug|Any CPU
		{9F7DDF79-9306-4020-88A2-6A8F86D84048}.Debug|Any CPU.Build.0 = Debug|Any CPU
		{9F7DDF79-9306-4020-88A2-6A8F86D84048}.Release|Any CPU.ActiveCfg = Release|Any CPU
		{9F7DDF79-9306-4020-88A2-6A8F86D84048}.Release|Any CPU.Build.0 = Release|Any CPU
	EndGlobalSection
	GlobalSection(SolutionProperties) = preSolution
		HideSolutionNode = FALSE
	EndGlobalSection
	GlobalSection(ExtensibilityGlobals) = postSolution
		SolutionGuid = {69AAFF73-6D4C-4680-995D-0A51D3F2D53A}
	EndGlobalSection
EndGlobal
